{
  "originHash" : "e9baaae2cfd7e960f73f7470e8370e6ed660ccde98ebccb5f230f0ec65af0f90",
  "pins" : [
    {
      "identity" : "wireguard-apple",
      "kind" : "remoteSourceControl",
      "location" : "https://github.com/agoodkind/wireguard-apple.git",
      "state" : {
        "branch" : "master",
        "revision" : "fba9bd09017ceb723b03ba63bc340091d4dadb47"
      }
    }
  ],
  "version" : 3
}
