{
  "originHash" : "6216d585cb4086d26d55383ed2afccb3c665057e991d711b6fe1dec073a5090c",
  "pins" : [
    {
      "identity" : "wireguard-apple",
      "kind" : "remoteSourceControl",
      "location" : "https://github.com/agoodkind/wireguard-apple.git",
      "state" : {
        "branch" : "097baca",
        "revision" : "097baca9aeec90f2648bf2b1cda7209caa748180"
      }
    }
  ],
  "version" : 3
}
